{
  "requires": true,
  "lockfileVersion": 1,
  "dependencies": {
    "node-addon-api": {
      "version": "1.4.0",
      "resolved": "https://registry.npmjs.org/node-addon-api/-/node-addon-api-1.4.0.tgz",
      "integrity": "sha512-agquHPHnxYGox7Rjz2+TZQeOiH8IVbNFSTyTPA+peMUAP6klgrBH5dcwHsNNChQh7l/dtF0JNmZPbCqd5OXOIQ=="
    }
  }
}
